
Microsoft Visual Studio Solution File, Format Version 12.00
# Visual Studio Version 17
VisualStudioVersion = 17.7.34221.43
MinimumVisualStudioVersion = 10.0.40219.1
Project("{FAE04EC0-301F-11D3-BF4B-00C04F79EFBC}") = "MainProject", "MainProject.csproj", "{3F207477-CDE9-406C-B1AC-D0EC163E1B85}"
EndProject
Project("{9A19103F-16F7-4668-BE54-9A1E7A4F7556}") = "NUnitTestProject", "..\NUnitTestProject\NUnitTestProject.csproj", "{241FE871-B705-4685-A3F7-33A6036831A7}"
EndProject
Global
	GlobalSection(SolutionConfigurationPlatforms) = preSolution
		Debug|Any CPU = Debug|Any CPU
		Release|Any CPU = Release|Any CPU
	EndGlobalSection
	GlobalSection(ProjectConfigurationPlatforms) = postSolution
		{3F207477-CDE9-406C-B1AC-D0EC163E1B85}.Debug|Any CPU.ActiveCfg = Debug|Any CPU
		{3F207477-CDE9-406C-B1AC-D0EC163E1B85}.Debug|Any CPU.Build.0 = Debug|Any CPU
		{3F207477-CDE9-406C-B1AC-D0EC163E1B85}.Release|Any CPU.ActiveCfg = Release|Any CPU
		{3F207477-CDE9-406C-B1AC-D0EC163E1B85}.Release|Any CPU.Build.0 = Release|Any CPU
		{241FE871-B705-4685-A3F7-33A6036831A7}.Debug|Any CPU.ActiveCfg = Debug|Any CPU
		{241FE871-B705-4685-A3F7-33A6036831A7}.Debug|Any CPU.Build.0 = Debug|Any CPU
		{241FE871-B705-4685-A3F7-33A6036831A7}.Release|Any CPU.ActiveCfg = Release|Any CPU
		{241FE871-B705-4685-A3F7-33A6036831A7}.Release|Any CPU.Build.0 = Release|Any CPU
	EndGlobalSection
	GlobalSection(SolutionProperties) = preSolution
		HideSolutionNode = FALSE
	EndGlobalSection
	GlobalSection(ExtensibilityGlobals) = postSolution
		SolutionGuid = {6E43E25D-7723-460A-85E9-D37A900FA8E9}
	EndGlobalSection
EndGlobal
